
Microsoft Visual Studio Solution File, Format Version 12.00
# Visual Studio Version 16
VisualStudioVersion = 16.0.30804.86
MinimumVisualStudioVersion = 10.0.40219.1
Project("{FAE04EC0-301F-11D3-BF4B-00C04F79EFBC}") = "Pizza", "Pizza\Pizza.csproj", "{52D37976-6ED0-4540-AE55-DB2AD2DD6B54}"
EndProject
Global
	GlobalSection(SolutionConfigurationPlatforms) = preSolution
		Debug|Any CPU = Debug|Any CPU
		Release|Any CPU = Release|Any CPU
	EndGlobalSection
	GlobalSection(ProjectConfigurationPlatforms) = postSolution
		{52D37976-6ED0-4540-AE55-DB2AD2DD6B54}.Debug|Any CPU.ActiveCfg = Debug|Any CPU
		{52D37976-6ED0-4540-AE55-DB2AD2DD6B54}.Debug|Any CPU.Build.0 = Debug|Any CPU
		{52D37976-6ED0-4540-AE55-DB2AD2DD6B54}.Release|Any CPU.ActiveCfg = Release|Any CPU
		{52D37976-6ED0-4540-AE55-DB2AD2DD6B54}.Release|Any CPU.Build.0 = Release|Any CPU
	EndGlobalSection
	GlobalSection(SolutionProperties) = preSolution
		HideSolutionNode = FALSE
	EndGlobalSection
	GlobalSection(ExtensibilityGlobals) = postSolution
		SolutionGuid = {D8CF02AA-522D-4E02-8786-019FD7DB8D9B}
	EndGlobalSection
EndGlobal
